{
    "name": "stub",
    "version": "0.0.1",
    "lockfileVersion": 3,
    "requires": true,
    "packages": {
        "": {
            "name": "stub",
            "version": "0.0.1",
            "license": "MIT",
            "dependencies": {
                "diff-so-fancy": "^1.4.3"
            },
            "devDependencies": {
                "left-pad": "^1.3.0"
            }
        },
        "node_modules/diff-so-fancy": {
            "version": "1.4.3",
            "resolved": "https://registry.npmjs.org/diff-so-fancy/-/diff-so-fancy-1.4.3.tgz",
            "integrity": "sha512-ZXNe6ZLdzCHt5cdMPwQOsuNcPI86VYArxloIqmedkTK3qlii59gHe5eR82CrNrc4aZ/A0V1b7askmDzBwftZKA==",
            "bin": {
                "diff-so-fancy": "third_party/build_fatpack/diff-so-fancy"
            }
        },
        "node_modules/left-pad": {
            "version": "1.3.0",
            "resolved": "https://registry.npmjs.org/left-pad/-/left-pad-1.3.0.tgz",
            "integrity": "sha512-XI5MPzVNApjAyhQzphX8BkmKsKUxD4LdyK24iZeQGinBN9yTQT3bFlCBy/aVx2HrNcqQGsdot8ghrjyrvMCoEA==",
            "deprecated": "use String.prototype.padStart()",
            "dev": true
        }
    }
}
